// !$*UTF8*$!
{
	archiveVersion = 1;
	classes = {
	};
	objectVersion = 50;
	objects = {

/* Begin PBXBuildFile section */
		F8930E2926B585270067F782 /* AppDelegate.swift in Sources */ = {isa = PBXBuildFile; fileRef = F8930E2826B585270067F782 /* AppDelegate.swift */; };
		F8930E2B26B585270067F782 /* SceneDelegate.swift in Sources */ = {isa = PBXBuildFile; fileRef = F8930E2A26B585270067F782 /* SceneDelegate.swift */; };
		F8930E3026B585270067F782 /* Main.storyboard in Resources */ = {isa = PBXBuildFile; fileRef = F8930E2E26B585270067F782 /* Main.storyboard */; };
		F8930E3226B585280067F782 /* Assets.xcassets in Resources */ = {isa = PBXBuildFile; fileRef = F8930E3126B585280067F782 /* Assets.xcassets */; };
		F8930E3526B585280067F782 /* LaunchScreen.storyboard in Resources */ = {isa = PBXBuildFile; fileRef = F8930E3326B585280067F782 /* LaunchScreen.storyboard */; };
		F8930E4026B585960067F782 /* SignInViewController.swift in Sources */ = {isa = PBXBuildFile; fileRef = F8930E3E26B585960067F782 /* SignInViewController.swift */; };
		F8930E4126B585960067F782 /* SignInViewController.xib in Resources */ = {isa = PBXBuildFile; fileRef = F8930E3F26B585960067F782 /* SignInViewController.xib */; };
		F8930E4426B585AA0067F782 /* SignUpViewController.swift in Sources */ = {isa = PBXBuildFile; fileRef = F8930E4226B585AA0067F782 /* SignUpViewController.swift */; };
		F8930E4526B585AA0067F782 /* SignUpViewController.xib in Resources */ = {isa = PBXBuildFile; fileRef = F8930E4326B585AA0067F782 /* SignUpViewController.xib */; };
		F8930E4826B585BC0067F782 /* HomeViewController.swift in Sources */ = {isa = PBXBuildFile; fileRef = F8930E4626B585BC0067F782 /* HomeViewController.swift */; };
		F8930E4926B585BC0067F782 /* HomeViewController.xib in Resources */ = {isa = PBXBuildFile; fileRef = F8930E4726B585BC0067F782 /* HomeViewController.xib */; };
		F8930E4B26B5E1F60067F782 /* BaseViewController.swift in Sources */ = {isa = PBXBuildFile; fileRef = F8930E4A26B5E1F60067F782 /* BaseViewController.swift */; };
		F8930E4F26B5E4500067F782 /* Post.swift in Sources */ = {isa = PBXBuildFile; fileRef = F8930E4E26B5E4500067F782 /* Post.swift */; };
		F8930E5226B5E47F0067F782 /* PostTableViewCell.swift in Sources */ = {isa = PBXBuildFile; fileRef = F8930E5026B5E47F0067F782 /* PostTableViewCell.swift */; };
		F8930E5326B5E47F0067F782 /* PostTableViewCell.xib in Resources */ = {isa = PBXBuildFile; fileRef = F8930E5126B5E47F0067F782 /* PostTableViewCell.xib */; };
/* End PBXBuildFile section */

/* Begin PBXFileReference section */
		F8930E2526B585270067F782 /* CloneApp.app */ = {isa = PBXFileReference; explicitFileType = wrapper.application; includeInIndex = 0; path = CloneApp.app; sourceTree = BUILT_PRODUCTS_DIR; };
		F8930E2826B585270067F782 /* AppDelegate.swift */ = {isa = PBXFileReference; lastKnownFileType = sourcecode.swift; path = AppDelegate.swift; sourceTree = "<group>"; };
		F8930E2A26B585270067F782 /* SceneDelegate.swift */ = {isa = PBXFileReference; lastKnownFileType = sourcecode.swift; path = SceneDelegate.swift; sourceTree = "<group>"; };
		F8930E2F26B585270067F782 /* Base */ = {isa = PBXFileReference; lastKnownFileType = file.storyboard; name = Base; path = Base.lproj/Main.storyboard; sourceTree = "<group>"; };
		F8930E3126B585280067F782 /* Assets.xcassets */ = {isa = PBXFileReference; lastKnownFileType = folder.assetcatalog; path = Assets.xcassets; sourceTree = "<group>"; };
		F8930E3426B585280067F782 /* Base */ = {isa = PBXFileReference; lastKnownFileType = file.storyboard; name = Base; path = Base.lproj/LaunchScreen.storyboard; sourceTree = "<group>"; };
		F8930E3626B585280067F782 /* Info.plist */ = {isa = PBXFileReference; lastKnownFileType = text.plist.xml; path = Info.plist; sourceTree = "<group>"; };
		F8930E3E26B585960067F782 /* SignInViewController.swift */ = {isa = PBXFileReference; lastKnownFileType = sourcecode.swift; path = SignInViewController.swift; sourceTree = "<group>"; };
		F8930E3F26B585960067F782 /* SignInViewController.xib */ = {isa = PBXFileReference; lastKnownFileType = file.xib; path = SignInViewController.xib; sourceTree = "<group>"; };
		F8930E4226B585AA0067F782 /* SignUpViewController.swift */ = {isa = PBXFileReference; lastKnownFileType = sourcecode.swift; path = SignUpViewController.swift; sourceTree = "<group>"; };
		F8930E4326B585AA0067F782 /* SignUpViewController.xib */ = {isa = PBXFileReference; lastKnownFileType = file.xib; path = SignUpViewController.xib; sourceTree = "<group>"; };
		F8930E4626B585BC0067F782 /* HomeViewController.swift */ = {isa = PBXFileReference; lastKnownFileType = sourcecode.swift; path = HomeViewController.swift; sourceTree = "<group>"; };
		F8930E4726B585BC0067F782 /* HomeViewController.xib */ = {isa = PBXFileReference; lastKnownFileType = file.xib; path = HomeViewController.xib; sourceTree = "<group>"; };
		F8930E4A26B5E1F60067F782 /* BaseViewController.swift */ = {isa = PBXFileReference; lastKnownFileType = sourcecode.swift; path = BaseViewController.swift; sourceTree = "<group>"; };
		F8930E4E26B5E4500067F782 /* Post.swift */ = {isa = PBXFileReference; lastKnownFileType = sourcecode.swift; path = Post.swift; sourceTree = "<group>"; };
		F8930E5026B5E47F0067F782 /* PostTableViewCell.swift */ = {isa = PBXFileReference; lastKnownFileType = sourcecode.swift; path = PostTableViewCell.swift; sourceTree = "<group>"; };
		F8930E5126B5E47F0067F782 /* PostTableViewCell.xib */ = {isa = PBXFileReference; lastKnownFileType = file.xib; path = PostTableViewCell.xib; sourceTree = "<group>"; };
/* End PBXFileReference section */

/* Begin PBXFrameworksBuildPhase section */
		F8930E2226B585270067F782 /* Frameworks */ = {
			isa = PBXFrameworksBuildPhase;
			buildActionMask = 2147483647;
			files = (
			);
			runOnlyForDeploymentPostprocessing = 0;
		};
/* End PBXFrameworksBuildPhase section */

/* Begin PBXGroup section */
		F8930E1C26B585270067F782 = {
			isa = PBXGroup;
			children = (
				F8930E2726B585270067F782 /* CloneApp */,
				F8930E2626B585270067F782 /* Products */,
			);
			sourceTree = "<group>";
		};
		F8930E2626B585270067F782 /* Products */ = {
			isa = PBXGroup;
			children = (
				F8930E2526B585270067F782 /* CloneApp.app */,
			);
			name = Products;
			sourceTree = "<group>";
		};
		F8930E2726B585270067F782 /* CloneApp */ = {
			isa = PBXGroup;
			children = (
				F8930E4D26B5E4370067F782 /* model */,
				F8930E4C26B5E4270067F782 /* cell */,
				F8930E3D26B5853C0067F782 /* apputils */,
				F8930E3C26B5852E0067F782 /* controllers */,
				F8930E2826B585270067F782 /* AppDelegate.swift */,
				F8930E2A26B585270067F782 /* SceneDelegate.swift */,
				F8930E3626B585280067F782 /* Info.plist */,
			);
			path = CloneApp;
			sourceTree = "<group>";
		};
		F8930E3C26B5852E0067F782 /* controllers */ = {
			isa = PBXGroup;
			children = (
				F8930E4A26B5E1F60067F782 /* BaseViewController.swift */,
				F8930E3E26B585960067F782 /* SignInViewController.swift */,
				F8930E3F26B585960067F782 /* SignInViewController.xib */,
				F8930E4226B585AA0067F782 /* SignUpViewController.swift */,
				F8930E4326B585AA0067F782 /* SignUpViewController.xib */,
				F8930E4626B585BC0067F782 /* HomeViewController.swift */,
				F8930E4726B585BC0067F782 /* HomeViewController.xib */,
			);
			path = controllers;
			sourceTree = "<group>";
		};
		F8930E3D26B5853C0067F782 /* apputils */ = {
			isa = PBXGroup;
			children = (
				F8930E3126B585280067F782 /* Assets.xcassets */,
				F8930E2E26B585270067F782 /* Main.storyboard */,
				F8930E3326B585280067F782 /* LaunchScreen.storyboard */,
			);
			path = apputils;
			sourceTree = "<group>";
		};
		F8930E4C26B5E4270067F782 /* cell */ = {
			isa = PBXGroup;
			children = (
				F8930E5026B5E47F0067F782 /* PostTableViewCell.swift */,
				F8930E5126B5E47F0067F782 /* PostTableViewCell.xib */,
			);
			path = cell;
			sourceTree = "<group>";
		};
		F8930E4D26B5E4370067F782 /* model */ = {
			isa = PBXGroup;
			children = (
				F8930E4E26B5E4500067F782 /* Post.swift */,
			);
			path = model;
			sourceTree = "<group>";
		};
/* End PBXGroup section */

/* Begin PBXNativeTarget section */
		F8930E2426B585270067F782 /* CloneApp */ = {
			isa = PBXNativeTarget;
			buildConfigurationList = F8930E3926B585280067F782 /* Build configuration list for PBXNativeTarget "CloneApp" */;
			buildPhases = (
				F8930E2126B585270067F782 /* Sources */,
				F8930E2226B585270067F782 /* Frameworks */,
				F8930E2326B585270067F782 /* Resources */,
			);
			buildRules = (
			);
			dependencies = (
			);
			name = CloneApp;
			productName = CloneApp;
			productReference = F8930E2526B585270067F782 /* CloneApp.app */;
			productType = "com.apple.product-type.application";
		};
/* End PBXNativeTarget section */

/* Begin PBXProject section */
		F8930E1D26B585270067F782 /* Project object */ = {
			isa = PBXProject;
			attributes = {
				LastSwiftUpdateCheck = 1250;
				LastUpgradeCheck = 1250;
				TargetAttributes = {
					F8930E2426B585270067F782 = {
						CreatedOnToolsVersion = 12.5.1;
					};
				};
			};
			buildConfigurationList = F8930E2026B585270067F782 /* Build configuration list for PBXProject "CloneApp" */;
			compatibilityVersion = "Xcode 9.3";
			developmentRegion = en;
			hasScannedForEncodings = 0;
			knownRegions = (
				en,
				Base,
			);
			mainGroup = F8930E1C26B585270067F782;
			productRefGroup = F8930E2626B585270067F782 /* Products */;
			projectDirPath = "";
			projectRoot = "";
			targets = (
				F8930E2426B585270067F782 /* CloneApp */,
			);
		};
/* End PBXProject section */

/* Begin PBXResourcesBuildPhase section */
		F8930E2326B585270067F782 /* Resources */ = {
			isa = PBXResourcesBuildPhase;
			buildActionMask = 2147483647;
			files = (
				F8930E4526B585AA0067F782 /* SignUpViewController.xib in Resources */,
				F8930E4126B585960067F782 /* SignInViewController.xib in Resources */,
				F8930E3526B585280067F782 /* LaunchScreen.storyboard in Resources */,
				F8930E3226B585280067F782 /* Assets.xcassets in Resources */,
				F8930E5326B5E47F0067F782 /* PostTableViewCell.xib in Resources */,
				F8930E3026B585270067F782 /* Main.storyboard in Resources */,
				F8930E4926B585BC0067F782 /* HomeViewController.xib in Resources */,
			);
			runOnlyForDeploymentPostprocessing = 0;
		};
/* End PBXResourcesBuildPhase section */

/* Begin PBXSourcesBuildPhase section */
		F8930E2126B585270067F782 /* Sources */ = {
			isa = PBXSourcesBuildPhase;
			buildActionMask = 2147483647;
			files = (
				F8930E4826B585BC0067F782 /* HomeViewController.swift in Sources */,
				F8930E2926B585270067F782 /* AppDelegate.swift in Sources */,
				F8930E2B26B585270067F782 /* SceneDelegate.swift in Sources */,
				F8930E5226B5E47F0067F782 /* PostTableViewCell.swift in Sources */,
				F8930E4426B585AA0067F782 /* SignUpViewController.swift in Sources */,
				F8930E4026B585960067F782 /* SignInViewController.swift in Sources */,
				F8930E4F26B5E4500067F782 /* Post.swift in Sources */,
				F8930E4B26B5E1F60067F782 /* BaseViewController.swift in Sources */,
			);
			runOnlyForDeploymentPostprocessing = 0;
		};
/* End PBXSourcesBuildPhase section */

/* Begin PBXVariantGroup section */
		F8930E2E26B585270067F782 /* Main.storyboard */ = {
			isa = PBXVariantGroup;
			children = (
				F8930E2F26B585270067F782 /* Base */,
			);
			name = Main.storyboard;
			sourceTree = "<group>";
		};
		F8930E3326B585280067F782 /* LaunchScreen.storyboard */ = {
			isa = PBXVariantGroup;
			children = (
				F8930E3426B585280067F782 /* Base */,
			);
			name = LaunchScreen.storyboard;
			sourceTree = "<group>";
		};
/* End PBXVariantGroup section */

/* Begin XCBuildConfiguration section */
		F8930E3726B585280067F782 /* Debug */ = {
			isa = XCBuildConfiguration;
			buildSettings = {
				ALWAYS_SEARCH_USER_PATHS = NO;
				CLANG_ANALYZER_NONNULL = YES;
				CLANG_ANALYZER_NUMBER_OBJECT_CONVERSION = YES_AGGRESSIVE;
				CLANG_CXX_LANGUAGE_STANDARD = "gnu++14";
				CLANG_CXX_LIBRARY = "libc++";
				CLANG_ENABLE_MODULES = YES;
				CLANG_ENABLE_OBJC_ARC = YES;
				CLANG_ENABLE_OBJC_WEAK = YES;
				CLANG_WARN_BLOCK_CAPTURE_AUTORELEASING = YES;
				CLANG_WARN_BOOL_CONVERSION = YES;
				CLANG_WARN_COMMA = YES;
				CLANG_WARN_CONSTANT_CONVERSION = YES;
				CLANG_WARN_DEPRECATED_OBJC_IMPLEMENTATIONS = YES;
				CLANG_WARN_DIRECT_OBJC_ISA_USAGE = YES_ERROR;
				CLANG_WARN_DOCUMENTATION_COMMENTS = YES;
				CLANG_WARN_EMPTY_BODY = YES;
				CLANG_WARN_ENUM_CONVERSION = YES;
				CLANG_WARN_INFINITE_RECURSION = YES;
				CLANG_WARN_INT_CONVERSION = YES;
				CLANG_WARN_NON_LITERAL_NULL_CONVERSION = YES;
				CLANG_WARN_OBJC_IMPLICIT_RETAIN_SELF = YES;
				CLANG_WARN_OBJC_LITERAL_CONVERSION = YES;
				CLANG_WARN_OBJC_ROOT_CLASS = YES_ERROR;
				CLANG_WARN_QUOTED_INCLUDE_IN_FRAMEWORK_HEADER = YES;
				CLANG_WARN_RANGE_LOOP_ANALYSIS = YES;
				CLANG_WARN_STRICT_PROTOTYPES = YES;
				CLANG_WARN_SUSPICIOUS_MOVE = YES;
				CLANG_WARN_UNGUARDED_AVAILABILITY = YES_AGGRESSIVE;
				CLANG_WARN_UNREACHABLE_CODE = YES;
				CLANG_WARN__DUPLICATE_METHOD_MATCH = YES;
				COPY_PHASE_STRIP = NO;
				DEBUG_INFORMATION_FORMAT = dwarf;
				ENABLE_STRICT_OBJC_MSGSEND = YES;
				ENABLE_TESTABILITY = YES;
				GCC_C_LANGUAGE_STANDARD = gnu11;
				GCC_DYNAMIC_NO_PIC = NO;
				GCC_NO_COMMON_BLOCKS = YES;
				GCC_OPTIMIZATION_LEVEL = 0;
				GCC_PREPROCESSOR_DEFINITIONS = (
					"DEBUG=1",
					"$(inherited)",
				);
				GCC_WARN_64_TO_32_BIT_CONVERSION = YES;
				GCC_WARN_ABOUT_RETURN_TYPE = YES_ERROR;
				GCC_WARN_UNDECLARED_SELECTOR = YES;
				GCC_WARN_UNINITIALIZED_AUTOS = YES_AGGRESSIVE;
				GCC_WARN_UNUSED_FUNCTION = YES;
				GCC_WARN_UNUSED_VARIABLE = YES;
				IPHONEOS_DEPLOYMENT_TARGET = 14.5;
				MTL_ENABLE_DEBUG_INFO = INCLUDE_SOURCE;
				MTL_FAST_MATH = YES;
				ONLY_ACTIVE_ARCH = YES;
				SDKROOT = iphoneos;
				SWIFT_ACTIVE_COMPILATION_CONDITIONS = DEBUG;
				SWIFT_OPTIMIZATION_LEVEL = "-Onone";
			};
			name = Debug;
		};
		F8930E3826B585280067F782 /* Release */ = {
			isa = XCBuildConfiguration;
			buildSettings = {
				ALWAYS_SEARCH_USER_PATHS = NO;
				CLANG_ANALYZER_NONNULL = YES;
				CLANG_ANALYZER_NUMBER_OBJECT_CONVERSION = YES_AGGRESSIVE;
				CLANG_CXX_LANGUAGE_STANDARD = "gnu++14";
				CLANG_CXX_LIBRARY = "libc++";
				CLANG_ENABLE_MODULES = YES;
				CLANG_ENABLE_OBJC_ARC = YES;
				CLANG_ENABLE_OBJC_WEAK = YES;
				CLANG_WARN_BLOCK_CAPTURE_AUTORELEASING = YES;
				CLANG_WARN_BOOL_CONVERSION = YES;
				CLANG_WARN_COMMA = YES;
				CLANG_WARN_CONSTANT_CONVERSION = YES;
				CLANG_WARN_DEPRECATED_OBJC_IMPLEMENTATIONS = YES;
				CLANG_WARN_DIRECT_OBJC_ISA_USAGE = YES_ERROR;
				CLANG_WARN_DOCUMENTATION_COMMENTS = YES;
				CLANG_WARN_EMPTY_BODY = YES;
				CLANG_WARN_ENUM_CONVERSION = YES;
				CLANG_WARN_INFINITE_RECURSION = YES;
				CLANG_WARN_INT_CONVERSION = YES;
				CLANG_WARN_NON_LITERAL_NULL_CONVERSION = YES;
				CLANG_WARN_OBJC_IMPLICIT_RETAIN_SELF = YES;
				CLANG_WARN_OBJC_LITERAL_CONVERSION = YES;
				CLANG_WARN_OBJC_ROOT_CLASS = YES_ERROR;
				CLANG_WARN_QUOTED_INCLUDE_IN_FRAMEWORK_HEADER = YES;
				CLANG_WARN_RANGE_LOOP_ANALYSIS = YES;
				CLANG_WARN_STRICT_PROTOTYPES = YES;
				CLANG_WARN_SUSPICIOUS_MOVE = YES;
				CLANG_WARN_UNGUARDED_AVAILABILITY = YES_AGGRESSIVE;
				CLANG_WARN_UNREACHABLE_CODE = YES;
				CLANG_WARN__DUPLICATE_METHOD_MATCH = YES;
				COPY_PHASE_STRIP = NO;
				DEBUG_INFORMATION_FORMAT = "dwarf-with-dsym";
				ENABLE_NS_ASSERTIONS = NO;
				ENABLE_STRICT_OBJC_MSGSEND = YES;
				GCC_C_LANGUAGE_STANDARD = gnu11;
				GCC_NO_COMMON_BLOCKS = YES;
				GCC_WARN_64_TO_32_BIT_CONVERSION = YES;
				GCC_WARN_ABOUT_RETURN_TYPE = YES_ERROR;
				GCC_WARN_UNDECLARED_SELECTOR = YES;
				GCC_WARN_UNINITIALIZED_AUTOS = YES_AGGRESSIVE;
				GCC_WARN_UNUSED_FUNCTION = YES;
				GCC_WARN_UNUSED_VARIABLE = YES;
				IPHONEOS_DEPLOYMENT_TARGET = 14.5;
				MTL_ENABLE_DEBUG_INFO = NO;
				MTL_FAST_MATH = YES;
				SDKROOT = iphoneos;
				SWIFT_COMPILATION_MODE = wholemodule;
				SWIFT_OPTIMIZATION_LEVEL = "-O";
				VALIDATE_PRODUCT = YES;
			};
			name = Release;
		};
		F8930E3A26B585280067F782 /* Debug */ = {
			isa = XCBuildConfiguration;
			buildSettings = {
				ASSETCATALOG_COMPILER_APPICON_NAME = AppIcon;
				ASSETCATALOG_COMPILER_GLOBAL_ACCENT_COLOR_NAME = AccentColor;
				CODE_SIGN_STYLE = Automatic;
				DEVELOPMENT_TEAM = 6YJZHSY4SL;
				INFOPLIST_FILE = CloneApp/Info.plist;
				LD_RUNPATH_SEARCH_PATHS = (
					"$(inherited)",
					"@executable_path/Frameworks",
				);
				PRODUCT_BUNDLE_IDENTIFIER = MNSoft.CloneApp;
				PRODUCT_NAME = "$(TARGET_NAME)";
				SWIFT_VERSION = 5.0;
				TARGETED_DEVICE_FAMILY = "1,2";
			};
			name = Debug;
		};
		F8930E3B26B585280067F782 /* Release */ = {
			isa = XCBuildConfiguration;
			buildSettings = {
				ASSETCATALOG_COMPILER_APPICON_NAME = AppIcon;
				ASSETCATALOG_COMPILER_GLOBAL_ACCENT_COLOR_NAME = AccentColor;
				CODE_SIGN_STYLE = Automatic;
				DEVELOPMENT_TEAM = 6YJZHSY4SL;
				INFOPLIST_FILE = CloneApp/Info.plist;
				LD_RUNPATH_SEARCH_PATHS = (
					"$(inherited)",
					"@executable_path/Frameworks",
				);
				PRODUCT_BUNDLE_IDENTIFIER = MNSoft.CloneApp;
				PRODUCT_NAME = "$(TARGET_NAME)";
				SWIFT_VERSION = 5.0;
				TARGETED_DEVICE_FAMILY = "1,2";
			};
			name = Release;
		};
/* End XCBuildConfiguration section */

/* Begin XCConfigurationList section */
		F8930E2026B585270067F782 /* Build configuration list for PBXProject "CloneApp" */ = {
			isa = XCConfigurationList;
			buildConfigurations = (
				F8930E3726B585280067F782 /* Debug */,
				F8930E3826B585280067F782 /* Release */,
			);
			defaultConfigurationIsVisible = 0;
			defaultConfigurationName = Release;
		};
		F8930E3926B585280067F782 /* Build configuration list for PBXNativeTarget "CloneApp" */ = {
			isa = XCConfigurationList;
			buildConfigurations = (
				F8930E3A26B585280067F782 /* Debug */,
				F8930E3B26B585280067F782 /* Release */,
			);
			defaultConfigurationIsVisible = 0;
			defaultConfigurationName = Release;
		};
/* End XCConfigurationList section */
	};
	rootObject = F8930E1D26B585270067F782 /* Project object */;
}
